
Microsoft Visual Studio Solution File, Format Version 12.00
# Visual Studio Version 16
VisualStudioVersion = 16.0.32602.291
MinimumVisualStudioVersion = 10.0.40219.1
Project("{FAE04EC0-301F-11D3-BF4B-00C04F79EFBC}") = "RevitAPILibrary", "RevitAPILibrary\RevitAPILibrary.csproj", "{B2EB6591-894E-4EF3-BE2D-43C1BC3F9A6E}"
EndProject
Global
	GlobalSection(SolutionConfigurationPlatforms) = preSolution
		Debug|Any CPU = Debug|Any CPU
		Release|Any CPU = Release|Any CPU
	EndGlobalSection
	GlobalSection(ProjectConfigurationPlatforms) = postSolution
		{B2EB6591-894E-4EF3-BE2D-43C1BC3F9A6E}.Debug|Any CPU.ActiveCfg = Debug|Any CPU
		{B2EB6591-894E-4EF3-BE2D-43C1BC3F9A6E}.Debug|Any CPU.Build.0 = Debug|Any CPU
		{B2EB6591-894E-4EF3-BE2D-43C1BC3F9A6E}.Release|Any CPU.ActiveCfg = Release|Any CPU
		{B2EB6591-894E-4EF3-BE2D-43C1BC3F9A6E}.Release|Any CPU.Build.0 = Release|Any CPU
	EndGlobalSection
	GlobalSection(SolutionProperties) = preSolution
		HideSolutionNode = FALSE
	EndGlobalSection
	GlobalSection(ExtensibilityGlobals) = postSolution
		SolutionGuid = {C8F6A1CE-9570-4315-8208-5C07258881F3}
	EndGlobalSection
EndGlobal
